
Microsoft Visual Studio Solution File, Format Version 12.00
# Visual Studio Version 17
VisualStudioVersion = 17.11.35208.52
MinimumVisualStudioVersion = 10.0.40219.1
Project("{FAE04EC0-301F-11D3-BF4B-00C04F79EFBC}") = "Aug2024TurnUpPortal", "Aug2024TurnUpPortal\Aug2024TurnUpPortal.csproj", "{EB7716A1-36ED-465D-A18C-C68E8418ED4A}"
EndProject
Global
	GlobalSection(SolutionConfigurationPlatforms) = preSolution
		Debug|Any CPU = Debug|Any CPU
		Release|Any CPU = Release|Any CPU
	EndGlobalSection
	GlobalSection(ProjectConfigurationPlatforms) = postSolution
		{EB7716A1-36ED-465D-A18C-C68E8418ED4A}.Debug|Any CPU.ActiveCfg = Debug|Any CPU
		{EB7716A1-36ED-465D-A18C-C68E8418ED4A}.Debug|Any CPU.Build.0 = Debug|Any CPU
		{EB7716A1-36ED-465D-A18C-C68E8418ED4A}.Release|Any CPU.ActiveCfg = Release|Any CPU
		{EB7716A1-36ED-465D-A18C-C68E8418ED4A}.Release|Any CPU.Build.0 = Release|Any CPU
	EndGlobalSection
	GlobalSection(SolutionProperties) = preSolution
		HideSolutionNode = FALSE
	EndGlobalSection
	GlobalSection(ExtensibilityGlobals) = postSolution
		SolutionGuid = {A89DF100-651A-4BE9-ADBE-6858E3F4AF9B}
	EndGlobalSection
EndGlobal
